// !$*UTF8*$!
{
	archiveVersion = 1;
	classes = {
	};
	objectVersion = 46;
	objects = {

/* Begin PBXBuildFile section */
		FA00630A1E585D12007BCA29 /* WKUtils.m in Sources */ = {isa = PBXBuildFile; fileRef = FA0063081E585D12007BCA29 /* WKUtils.m */; };
		FA1ECD331E55A779007BF0C2 /* GLUT.framework in Frameworks */ = {isa = PBXBuildFile; fileRef = FA1ECD321E55A779007BF0C2 /* GLUT.framework */; };
		FA3433E71E594028009A67DA /* WKiTunesLyrics.m in Sources */ = {isa = PBXBuildFile; fileRef = FA3433E51E594028009A67DA /* WKiTunesLyrics.m */; };
		FA357C9C1E55667B0083D95A /* MMMarkdown.framework in Embed Frameworks */ = {isa = PBXBuildFile; fileRef = FA696B7B1E4EAF5200541B0A /* MMMarkdown.framework */; settings = {ATTRIBUTES = (CodeSignOnCopy, RemoveHeadersOnCopy, ); }; };
		FA3D1F421E2534BC005A57CF /* AppDelegate.m in Sources */ = {isa = PBXBuildFile; fileRef = FA3D1F411E2534BC005A57CF /* AppDelegate.m */; };
		FA3D1F451E2534BC005A57CF /* main.m in Sources */ = {isa = PBXBuildFile; fileRef = FA3D1F441E2534BC005A57CF /* main.m */; };
		FA3D1F471E2534BC005A57CF /* Assets.xcassets in Resources */ = {isa = PBXBuildFile; fileRef = FA3D1F461E2534BC005A57CF /* Assets.xcassets */; };
		FA3D1F4A1E2534BC005A57CF /* MainMenu.xib in Resources */ = {isa = PBXBuildFile; fileRef = FA3D1F481E2534BC005A57CF /* MainMenu.xib */; };
		FA5361E11E59A8D20072B0DB /* Lyric.m in Sources */ = {isa = PBXBuildFile; fileRef = FA5361D61E59A8D20072B0DB /* Lyric.m */; };
		FA5361E31E59A8D20072B0DB /* NeteaseLyricSearchEngine.m in Sources */ = {isa = PBXBuildFile; fileRef = FA5361D81E59A8D20072B0DB /* NeteaseLyricSearchEngine.m */; };
		FA5361E71E59A8D20072B0DB /* DLLRCParser.m in Sources */ = {isa = PBXBuildFile; fileRef = FA5361DC1E59A8D20072B0DB /* DLLRCParser.m */; };
		FA5361E91E59A8D20072B0DB /* LyricManager.m in Sources */ = {isa = PBXBuildFile; fileRef = FA5361DE1E59A8D20072B0DB /* LyricManager.m */; };
		FA5361F21E59AA4D0072B0DB /* CoreImage.framework in Frameworks */ = {isa = PBXBuildFile; fileRef = FA5361F11E59AA4D0072B0DB /* CoreImage.framework */; };
		FA5361F41E59AA920072B0DB /* libsqlite3.0.tbd in Frameworks */ = {isa = PBXBuildFile; fileRef = FA5361F31E59AA920072B0DB /* libsqlite3.0.tbd */; };
		FA53CCEC1E254BB400B23AC8 /* MainViewController.m in Sources */ = {isa = PBXBuildFile; fileRef = FA53CCEB1E254BB400B23AC8 /* MainViewController.m */; };
		FA574A741E58DFD1002CEF64 /* WKOcclusionStateWindow.m in Sources */ = {isa = PBXBuildFile; fileRef = FA574A721E58DFD1002CEF64 /* WKOcclusionStateWindow.m */; };
		FA686DA31E74F5C300F9F363 /* SLColorArt.h in Headers */ = {isa = PBXBuildFile; fileRef = FA686DA11E74F5C300F9F363 /* SLColorArt.h */; };
		FA686DA41E74F5C300F9F363 /* SLColorArt.m in Sources */ = {isa = PBXBuildFile; fileRef = FA686DA21E74F5C300F9F363 /* SLColorArt.m */; };
		FA686DAB1E74F64400F9F363 /* WKConfigurationManager.h in Headers */ = {isa = PBXBuildFile; fileRef = FA686DA91E74F64400F9F363 /* WKConfigurationManager.h */; };
		FA686DAC1E74F64400F9F363 /* WKConfigurationManager.m in Sources */ = {isa = PBXBuildFile; fileRef = FA686DAA1E74F64400F9F363 /* WKConfigurationManager.m */; };
		FA696B901E4EB02400541B0A /* WallpaperKit.framework in Frameworks */ = {isa = PBXBuildFile; fileRef = FA696B891E4EB02400541B0A /* WallpaperKit.framework */; };
		FA696B911E4EB02400541B0A /* WallpaperKit.framework in Embed Frameworks */ = {isa = PBXBuildFile; fileRef = FA696B891E4EB02400541B0A /* WallpaperKit.framework */; settings = {ATTRIBUTES = (CodeSignOnCopy, RemoveHeadersOnCopy, ); }; };
		FA696B961E4EB04300541B0A /* CoreServices.framework in Frameworks */ = {isa = PBXBuildFile; fileRef = FA4FFEEA1E240FA400E4AF31 /* CoreServices.framework */; };
		FA696B971E4EB04700541B0A /* OpenGL.framework in Frameworks */ = {isa = PBXBuildFile; fileRef = FAE6CB691E24479600025494 /* OpenGL.framework */; };
		FA696B981E4EB04E00541B0A /* AVKit.framework in Frameworks */ = {isa = PBXBuildFile; fileRef = FA25DC0A1E231BF200EB029C /* AVKit.framework */; };
		FA696B991E4EB05100541B0A /* CoreGraphics.framework in Frameworks */ = {isa = PBXBuildFile; fileRef = FA25DC061E231A2800EB029C /* CoreGraphics.framework */; };
		FA696B9A1E4EB05900541B0A /* AppKit.framework in Frameworks */ = {isa = PBXBuildFile; fileRef = FA4C45AB1E23086E00B35322 /* AppKit.framework */; };
		FA696B9B1E4EB07800541B0A /* WKDesktop.m in Sources */ = {isa = PBXBuildFile; fileRef = FA4C45A31E2307AE00B35322 /* WKDesktop.m */; };
		FA696B9C1E4EB07800541B0A /* WKVideoPlugin.m in Sources */ = {isa = PBXBuildFile; fileRef = FA25DC141E23B6AB00EB029C /* WKVideoPlugin.m */; };
		FA696B9D1E4EB07800541B0A /* WKImagePlugin.m in Sources */ = {isa = PBXBuildFile; fileRef = FACCBA761E23C1D10092E594 /* WKImagePlugin.m */; };
		FA696B9E1E4EB07800541B0A /* WKWebpagePlugin.m in Sources */ = {isa = PBXBuildFile; fileRef = FACCBA7A1E23C3A40092E594 /* WKWebpagePlugin.m */; };
		FA696B9F1E4EB07800541B0A /* WKOpenGLPlugin.m in Sources */ = {isa = PBXBuildFile; fileRef = FA4FFEEF1E2413BE00E4AF31 /* WKOpenGLPlugin.m */; };
		FA696BA01E4EB07800541B0A /* WKDesktopManager.m in Sources */ = {isa = PBXBuildFile; fileRef = FA25DC101E23842200EB029C /* WKDesktopManager.m */; };
		FA696BA11E4EB07800541B0A /* WKRenderManager.m in Sources */ = {isa = PBXBuildFile; fileRef = FA25DC191E23BCB800EB029C /* WKRenderManager.m */; };
		FA696BA21E4EB0B100541B0A /* MMMarkdown.framework in Frameworks */ = {isa = PBXBuildFile; fileRef = FA696B7B1E4EAF5200541B0A /* MMMarkdown.framework */; };
		FA696BA61E4EB18300541B0A /* WKMarkdownPlugin.m in Sources */ = {isa = PBXBuildFile; fileRef = FA696BA41E4EB0CD00541B0A /* WKMarkdownPlugin.m */; };
		FA73B5931E54D738005F5835 /* WKImageSlideshow.m in Sources */ = {isa = PBXBuildFile; fileRef = FA73B5911E54D738005F5835 /* WKImageSlideshow.m */; };
		FA7F1A121E5B3CC700619E4D /* WKRenderProtocal.h in Headers */ = {isa = PBXBuildFile; fileRef = FA25DC0E1E237D4E00EB029C /* WKRenderProtocal.h */; settings = {ATTRIBUTES = (Public, ); }; };
		FA7F1A131E5B3CC700619E4D /* WKOcclusionStateWindow.h in Headers */ = {isa = PBXBuildFile; fileRef = FA574A711E58DFD1002CEF64 /* WKOcclusionStateWindow.h */; settings = {ATTRIBUTES = (Public, ); }; };
		FA7F1A141E5B3CC700619E4D /* WKDesktop.h in Headers */ = {isa = PBXBuildFile; fileRef = FA4C45A11E2307AE00B35322 /* WKDesktop.h */; settings = {ATTRIBUTES = (Public, ); }; };
		FA7F1A151E5B3CC700619E4D /* WKUtils.h in Headers */ = {isa = PBXBuildFile; fileRef = FA0063071E585D12007BCA29 /* WKUtils.h */; settings = {ATTRIBUTES = (Public, ); }; };
		FA7F1A161E5B3CC700619E4D /* WKVideoPlugin.h in Headers */ = {isa = PBXBuildFile; fileRef = FA25DC131E23B6AB00EB029C /* WKVideoPlugin.h */; settings = {ATTRIBUTES = (Public, ); }; };
		FA7F1A171E5B3CC700619E4D /* WKImagePlugin.h in Headers */ = {isa = PBXBuildFile; fileRef = FACCBA751E23C1D10092E594 /* WKImagePlugin.h */; settings = {ATTRIBUTES = (Public, ); }; };
		FA7F1A181E5B3CC700619E4D /* WKWebpagePlugin.h in Headers */ = {isa = PBXBuildFile; fileRef = FACCBA791E23C3A40092E594 /* WKWebpagePlugin.h */; settings = {ATTRIBUTES = (Public, ); }; };
		FA7F1A191E5B3CC700619E4D /* WKOpenGLPlugin.h in Headers */ = {isa = PBXBuildFile; fileRef = FA4FFEEE1E2413BE00E4AF31 /* WKOpenGLPlugin.h */; settings = {ATTRIBUTES = (Public, ); }; };
		FA7F1A1A1E5B3CC700619E4D /* WKMarkdownPlugin.h in Headers */ = {isa = PBXBuildFile; fileRef = FA696BA31E4EB0CD00541B0A /* WKMarkdownPlugin.h */; settings = {ATTRIBUTES = (Public, ); }; };
		FA7F1A1B1E5B3CC700619E4D /* WKImageSlideshow.h in Headers */ = {isa = PBXBuildFile; fileRef = FA73B5901E54D738005F5835 /* WKImageSlideshow.h */; settings = {ATTRIBUTES = (Public, ); }; };
		FA7F1A1C1E5B3CC700619E4D /* WKiTunesLyrics.h in Headers */ = {isa = PBXBuildFile; fileRef = FA3433E41E594028009A67DA /* WKiTunesLyrics.h */; settings = {ATTRIBUTES = (Public, ); }; };
		FA7F1A1D1E5B3CC700619E4D /* WKDesktopManager.h in Headers */ = {isa = PBXBuildFile; fileRef = FA25DC0F1E23842200EB029C /* WKDesktopManager.h */; settings = {ATTRIBUTES = (Public, ); }; };
		FA7F1A1E1E5B3CC700619E4D /* WKRenderManager.h in Headers */ = {isa = PBXBuildFile; fileRef = FA25DC181E23BCB800EB029C /* WKRenderManager.h */; settings = {ATTRIBUTES = (Public, ); }; };
		FA7F1A3E1E5B3F7800619E4D /* WallpaperKit.h in Headers */ = {isa = PBXBuildFile; fileRef = FA73B5711E54CB10005F5835 /* WallpaperKit.h */; settings = {ATTRIBUTES = (Public, ); }; };
		FA87042D1E61B20A00DD2993 /* WKDraggableImage.h in Headers */ = {isa = PBXBuildFile; fileRef = FA87042B1E61B20A00DD2993 /* WKDraggableImage.h */; };
		FA87042E1E61B20A00DD2993 /* WKDraggableImage.m in Sources */ = {isa = PBXBuildFile; fileRef = FA87042C1E61B20A00DD2993 /* WKDraggableImage.m */; };
		FA958E421E5BA5CA007E1847 /* WKVLCVideoPlugin.h in Headers */ = {isa = PBXBuildFile; fileRef = FA958E401E5BA5CA007E1847 /* WKVLCVideoPlugin.h */; };
		FA958E451E5BAE7E007E1847 /* WKVLCVideoPlugin.m in Sources */ = {isa = PBXBuildFile; fileRef = FA958E411E5BA5CA007E1847 /* WKVLCVideoPlugin.m */; };
		FA958E481E5BB19B007E1847 /* VLCKit.framework in Frameworks */ = {isa = PBXBuildFile; fileRef = FA958E471E5BB19B007E1847 /* VLCKit.framework */; };
/* End PBXBuildFile section */

/* Begin PBXContainerItemProxy section */
		FA357C9D1E5568A90083D95A /* PBXContainerItemProxy */ = {
			isa = PBXContainerItemProxy;
			containerPortal = FA696B701E4EAF5100541B0A /* MMMarkdown.xcodeproj */;
			proxyType = 1;
			remoteGlobalIDString = BED761561B374D6700687B36;
			remoteInfo = "MMMarkdown (OS X)";
		};
		FA696B781E4EAF5200541B0A /* PBXContainerItemProxy */ = {
			isa = PBXContainerItemProxy;
			containerPortal = FA696B701E4EAF5100541B0A /* MMMarkdown.xcodeproj */;
			proxyType = 2;
			remoteGlobalIDString = BED7620F1B37810000687B36;
			remoteInfo = "MMMarkdown (iOS)";
		};
		FA696B7A1E4EAF5200541B0A /* PBXContainerItemProxy */ = {
			isa = PBXContainerItemProxy;
			containerPortal = FA696B701E4EAF5100541B0A /* MMMarkdown.xcodeproj */;
			proxyType = 2;
			remoteGlobalIDString = BED761571B374D6700687B36;
			remoteInfo = "MMMarkdown (OS X)";
		};
		FA696B7C1E4EAF5200541B0A /* PBXContainerItemProxy */ = {
			isa = PBXContainerItemProxy;
			containerPortal = FA696B701E4EAF5100541B0A /* MMMarkdown.xcodeproj */;
			proxyType = 2;
			remoteGlobalIDString = BE23E8F41C0CF3EF0087F587;
			remoteInfo = "MMMarkdown (tvOS)";
		};
		FA696B7E1E4EAF5200541B0A /* PBXContainerItemProxy */ = {
			isa = PBXContainerItemProxy;
			containerPortal = FA696B701E4EAF5100541B0A /* MMMarkdown.xcodeproj */;
			proxyType = 2;
			remoteGlobalIDString = BE23E9131C0CF77D0087F587;
			remoteInfo = "MMMarkdown (watchOS)";
		};
		FA696B801E4EAF5200541B0A /* PBXContainerItemProxy */ = {
			isa = PBXContainerItemProxy;
			containerPortal = FA696B701E4EAF5100541B0A /* MMMarkdown.xcodeproj */;
			proxyType = 2;
			remoteGlobalIDString = BED761611B374D6700687B36;
			remoteInfo = MMMarkdownTests;
		};
		FA73B57B1E54CC2E005F5835 /* PBXContainerItemProxy */ = {
			isa = PBXContainerItemProxy;
			containerPortal = FA4C45961E2307AE00B35322 /* Project object */;
			proxyType = 1;
			remoteGlobalIDString = FA696B881E4EB02400541B0A;
			remoteInfo = WallpaperKit;
		};
/* End PBXContainerItemProxy section */

/* Begin PBXCopyFilesBuildPhase section */
		FA696B951E4EB02400541B0A /* Embed Frameworks */ = {
			isa = PBXCopyFilesBuildPhase;
			buildActionMask = 2147483647;
			dstPath = "";
			dstSubfolderSpec = 10;
			files = (
				FA357C9C1E55667B0083D95A /* MMMarkdown.framework in Embed Frameworks */,
				FA696B911E4EB02400541B0A /* WallpaperKit.framework in Embed Frameworks */,
			);
			name = "Embed Frameworks";
			runOnlyForDeploymentPostprocessing = 0;
		};
/* End PBXCopyFilesBuildPhase section */

/* Begin PBXFileReference section */
		FA0063071E585D12007BCA29 /* WKUtils.h */ = {isa = PBXFileReference; fileEncoding = 4; lastKnownFileType = sourcecode.c.h; path = WKUtils.h; sourceTree = "<group>"; };
		FA0063081E585D12007BCA29 /* WKUtils.m */ = {isa = PBXFileReference; fileEncoding = 4; lastKnownFileType = sourcecode.c.objc; path = WKUtils.m; sourceTree = "<group>"; };
		FA1ECD321E55A779007BF0C2 /* GLUT.framework */ = {isa = PBXFileReference; lastKnownFileType = wrapper.framework; name = GLUT.framework; path = System/Library/Frameworks/GLUT.framework; sourceTree = SDKROOT; };
		FA25DC061E231A2800EB029C /* CoreGraphics.framework */ = {isa = PBXFileReference; lastKnownFileType = wrapper.framework; name = CoreGraphics.framework; path = System/Library/Frameworks/CoreGraphics.framework; sourceTree = SDKROOT; };
		FA25DC081E231B9000EB029C /* AVFoundation.framework */ = {isa = PBXFileReference; lastKnownFileType = wrapper.framework; name = AVFoundation.framework; path = System/Library/Frameworks/AVFoundation.framework; sourceTree = SDKROOT; };
		FA25DC0A1E231BF200EB029C /* AVKit.framework */ = {isa = PBXFileReference; lastKnownFileType = wrapper.framework; name = AVKit.framework; path = System/Library/Frameworks/AVKit.framework; sourceTree = SDKROOT; };
		FA25DC0E1E237D4E00EB029C /* WKRenderProtocal.h */ = {isa = PBXFileReference; lastKnownFileType = sourcecode.c.h; path = WKRenderProtocal.h; sourceTree = "<group>"; };
		FA25DC0F1E23842200EB029C /* WKDesktopManager.h */ = {isa = PBXFileReference; fileEncoding = 4; lastKnownFileType = sourcecode.c.h; path = WKDesktopManager.h; sourceTree = "<group>"; };
		FA25DC101E23842200EB029C /* WKDesktopManager.m */ = {isa = PBXFileReference; fileEncoding = 4; lastKnownFileType = sourcecode.c.objc; path = WKDesktopManager.m; sourceTree = "<group>"; };
		FA25DC131E23B6AB00EB029C /* WKVideoPlugin.h */ = {isa = PBXFileReference; fileEncoding = 4; lastKnownFileType = sourcecode.c.h; path = WKVideoPlugin.h; sourceTree = "<group>"; };
		FA25DC141E23B6AB00EB029C /* WKVideoPlugin.m */ = {isa = PBXFileReference; fileEncoding = 4; lastKnownFileType = sourcecode.c.objc; path = WKVideoPlugin.m; sourceTree = "<group>"; };
		FA25DC181E23BCB800EB029C /* WKRenderManager.h */ = {isa = PBXFileReference; fileEncoding = 4; lastKnownFileType = sourcecode.c.h; path = WKRenderManager.h; sourceTree = "<group>"; };
		FA25DC191E23BCB800EB029C /* WKRenderManager.m */ = {isa = PBXFileReference; fileEncoding = 4; lastKnownFileType = sourcecode.c.objc; path = WKRenderManager.m; sourceTree = "<group>"; };
		FA3433E41E594028009A67DA /* WKiTunesLyrics.h */ = {isa = PBXFileReference; fileEncoding = 4; lastKnownFileType = sourcecode.c.h; path = WKiTunesLyrics.h; sourceTree = "<group>"; };
		FA3433E51E594028009A67DA /* WKiTunesLyrics.m */ = {isa = PBXFileReference; fileEncoding = 4; lastKnownFileType = sourcecode.c.objc; path = WKiTunesLyrics.m; sourceTree = "<group>"; };
		FA3D1F3E1E2534BC005A57CF /* WallpaperKit.app */ = {isa = PBXFileReference; explicitFileType = wrapper.application; includeInIndex = 0; path = WallpaperKit.app; sourceTree = BUILT_PRODUCTS_DIR; };
		FA3D1F401E2534BC005A57CF /* AppDelegate.h */ = {isa = PBXFileReference; lastKnownFileType = sourcecode.c.h; path = AppDelegate.h; sourceTree = "<group>"; };
		FA3D1F411E2534BC005A57CF /* AppDelegate.m */ = {isa = PBXFileReference; lastKnownFileType = sourcecode.c.objc; path = AppDelegate.m; sourceTree = "<group>"; };
		FA3D1F441E2534BC005A57CF /* main.m */ = {isa = PBXFileReference; lastKnownFileType = sourcecode.c.objc; path = main.m; sourceTree = "<group>"; };
		FA3D1F461E2534BC005A57CF /* Assets.xcassets */ = {isa = PBXFileReference; lastKnownFileType = folder.assetcatalog; path = Assets.xcassets; sourceTree = "<group>"; };
		FA3D1F491E2534BC005A57CF /* Base */ = {isa = PBXFileReference; lastKnownFileType = file.xib; name = Base; path = Base.lproj/MainMenu.xib; sourceTree = "<group>"; };
		FA3D1F4B1E2534BC005A57CF /* Info.plist */ = {isa = PBXFileReference; lastKnownFileType = text.plist.xml; path = Info.plist; sourceTree = "<group>"; };
		FA4C45A11E2307AE00B35322 /* WKDesktop.h */ = {isa = PBXFileReference; lastKnownFileType = sourcecode.c.h; path = WKDesktop.h; sourceTree = "<group>"; };
		FA4C45A31E2307AE00B35322 /* WKDesktop.m */ = {isa = PBXFileReference; lastKnownFileType = sourcecode.c.objc; path = WKDesktop.m; sourceTree = "<group>"; };
		FA4C45AB1E23086E00B35322 /* AppKit.framework */ = {isa = PBXFileReference; lastKnownFileType = wrapper.framework; name = AppKit.framework; path = System/Library/Frameworks/AppKit.framework; sourceTree = SDKROOT; };
		FA4FFEEA1E240FA400E4AF31 /* CoreServices.framework */ = {isa = PBXFileReference; lastKnownFileType = wrapper.framework; name = CoreServices.framework; path = System/Library/Frameworks/CoreServices.framework; sourceTree = SDKROOT; };
		FA4FFEEC1E240FB600E4AF31 /* ApplicationServices.framework */ = {isa = PBXFileReference; lastKnownFileType = wrapper.framework; name = ApplicationServices.framework; path = System/Library/Frameworks/ApplicationServices.framework; sourceTree = SDKROOT; };
		FA4FFEEE1E2413BE00E4AF31 /* WKOpenGLPlugin.h */ = {isa = PBXFileReference; fileEncoding = 4; lastKnownFileType = sourcecode.c.h; path = WKOpenGLPlugin.h; sourceTree = "<group>"; };
		FA4FFEEF1E2413BE00E4AF31 /* WKOpenGLPlugin.m */ = {isa = PBXFileReference; fileEncoding = 4; lastKnownFileType = sourcecode.c.objc; path = WKOpenGLPlugin.m; sourceTree = "<group>"; };
		FA5361D41E59A8D20072B0DB /* iTunes.h */ = {isa = PBXFileReference; fileEncoding = 4; lastKnownFileType = sourcecode.c.h; path = iTunes.h; sourceTree = "<group>"; };
		FA5361D51E59A8D20072B0DB /* Lyric.h */ = {isa = PBXFileReference; fileEncoding = 4; lastKnownFileType = sourcecode.c.h; path = Lyric.h; sourceTree = "<group>"; };
		FA5361D61E59A8D20072B0DB /* Lyric.m */ = {isa = PBXFileReference; fileEncoding = 4; lastKnownFileType = sourcecode.c.objc; path = Lyric.m; sourceTree = "<group>"; };
		FA5361D71E59A8D20072B0DB /* NeteaseLyricSearchEngine.h */ = {isa = PBXFileReference; fileEncoding = 4; lastKnownFileType = sourcecode.c.h; path = NeteaseLyricSearchEngine.h; sourceTree = "<group>"; };
		FA5361D81E59A8D20072B0DB /* NeteaseLyricSearchEngine.m */ = {isa = PBXFileReference; fileEncoding = 4; lastKnownFileType = sourcecode.c.objc; path = NeteaseLyricSearchEngine.m; sourceTree = "<group>"; };
		FA5361DB1E59A8D20072B0DB /* DLLRCParser.h */ = {isa = PBXFileReference; fileEncoding = 4; lastKnownFileType = sourcecode.c.h; path = DLLRCParser.h; sourceTree = "<group>"; };
		FA5361DC1E59A8D20072B0DB /* DLLRCParser.m */ = {isa = PBXFileReference; fileEncoding = 4; lastKnownFileType = sourcecode.c.objc; path = DLLRCParser.m; sourceTree = "<group>"; };
		FA5361DD1E59A8D20072B0DB /* LyricManager.h */ = {isa = PBXFileReference; fileEncoding = 4; lastKnownFileType = sourcecode.c.h; path = LyricManager.h; sourceTree = "<group>"; };
		FA5361DE1E59A8D20072B0DB /* LyricManager.m */ = {isa = PBXFileReference; fileEncoding = 4; lastKnownFileType = sourcecode.c.objc; path = LyricManager.m; sourceTree = "<group>"; };
		FA5361EF1E59A9190072B0DB /* AbstractLyricSearchEngine.h */ = {isa = PBXFileReference; fileEncoding = 4; lastKnownFileType = sourcecode.c.h; path = AbstractLyricSearchEngine.h; sourceTree = "<group>"; };
		FA5361F11E59AA4D0072B0DB /* CoreImage.framework */ = {isa = PBXFileReference; lastKnownFileType = wrapper.framework; name = CoreImage.framework; path = System/Library/Frameworks/CoreImage.framework; sourceTree = SDKROOT; };
		FA5361F31E59AA920072B0DB /* libsqlite3.0.tbd */ = {isa = PBXFileReference; lastKnownFileType = "sourcecode.text-based-dylib-definition"; name = libsqlite3.0.tbd; path = usr/lib/libsqlite3.0.tbd; sourceTree = SDKROOT; };
		FA53CCEA1E254BB400B23AC8 /* MainViewController.h */ = {isa = PBXFileReference; fileEncoding = 4; lastKnownFileType = sourcecode.c.h; path = MainViewController.h; sourceTree = "<group>"; };
		FA53CCEB1E254BB400B23AC8 /* MainViewController.m */ = {isa = PBXFileReference; fileEncoding = 4; lastKnownFileType = sourcecode.c.objc; path = MainViewController.m; sourceTree = "<group>"; };
		FA574A711E58DFD1002CEF64 /* WKOcclusionStateWindow.h */ = {isa = PBXFileReference; fileEncoding = 4; lastKnownFileType = sourcecode.c.h; path = WKOcclusionStateWindow.h; sourceTree = "<group>"; };
		FA574A721E58DFD1002CEF64 /* WKOcclusionStateWindow.m */ = {isa = PBXFileReference; fileEncoding = 4; lastKnownFileType = sourcecode.c.objc; path = WKOcclusionStateWindow.m; sourceTree = "<group>"; };
		FA686DA11E74F5C300F9F363 /* SLColorArt.h */ = {isa = PBXFileReference; fileEncoding = 4; lastKnownFileType = sourcecode.c.h; path = SLColorArt.h; sourceTree = "<group>"; };
		FA686DA21E74F5C300F9F363 /* SLColorArt.m */ = {isa = PBXFileReference; fileEncoding = 4; lastKnownFileType = sourcecode.c.objc; path = SLColorArt.m; sourceTree = "<group>"; };
		FA686DA91E74F64400F9F363 /* WKConfigurationManager.h */ = {isa = PBXFileReference; fileEncoding = 4; lastKnownFileType = sourcecode.c.h; path = WKConfigurationManager.h; sourceTree = "<group>"; };
		FA686DAA1E74F64400F9F363 /* WKConfigurationManager.m */ = {isa = PBXFileReference; fileEncoding = 4; lastKnownFileType = sourcecode.c.objc; path = WKConfigurationManager.m; sourceTree = "<group>"; };
		FA696B701E4EAF5100541B0A /* MMMarkdown.xcodeproj */ = {isa = PBXFileReference; lastKnownFileType = "wrapper.pb-project"; name = MMMarkdown.xcodeproj; path = MMMarkdown/MMMarkdown.xcodeproj; sourceTree = "<group>"; };
		FA696B891E4EB02400541B0A /* WallpaperKit.framework */ = {isa = PBXFileReference; explicitFileType = wrapper.framework; includeInIndex = 0; path = WallpaperKit.framework; sourceTree = BUILT_PRODUCTS_DIR; };
		FA696BA31E4EB0CD00541B0A /* WKMarkdownPlugin.h */ = {isa = PBXFileReference; fileEncoding = 4; lastKnownFileType = sourcecode.c.h; path = WKMarkdownPlugin.h; sourceTree = "<group>"; };
		FA696BA41E4EB0CD00541B0A /* WKMarkdownPlugin.m */ = {isa = PBXFileReference; fileEncoding = 4; lastKnownFileType = sourcecode.c.objc; path = WKMarkdownPlugin.m; sourceTree = "<group>"; };
		FA73B5711E54CB10005F5835 /* WallpaperKit.h */ = {isa = PBXFileReference; lastKnownFileType = sourcecode.c.h; path = WallpaperKit.h; sourceTree = "<group>"; };
		FA73B5901E54D738005F5835 /* WKImageSlideshow.h */ = {isa = PBXFileReference; fileEncoding = 4; lastKnownFileType = sourcecode.c.h; path = WKImageSlideshow.h; sourceTree = "<group>"; };
		FA73B5911E54D738005F5835 /* WKImageSlideshow.m */ = {isa = PBXFileReference; fileEncoding = 4; lastKnownFileType = sourcecode.c.objc; path = WKImageSlideshow.m; sourceTree = "<group>"; };
		FA87042B1E61B20A00DD2993 /* WKDraggableImage.h */ = {isa = PBXFileReference; fileEncoding = 4; lastKnownFileType = sourcecode.c.h; path = WKDraggableImage.h; sourceTree = "<group>"; };
		FA87042C1E61B20A00DD2993 /* WKDraggableImage.m */ = {isa = PBXFileReference; fileEncoding = 4; lastKnownFileType = sourcecode.c.objc; path = WKDraggableImage.m; sourceTree = "<group>"; };
		FA958E401E5BA5CA007E1847 /* WKVLCVideoPlugin.h */ = {isa = PBXFileReference; fileEncoding = 4; lastKnownFileType = sourcecode.c.h; path = WKVLCVideoPlugin.h; sourceTree = "<group>"; };
		FA958E411E5BA5CA007E1847 /* WKVLCVideoPlugin.m */ = {isa = PBXFileReference; fileEncoding = 4; lastKnownFileType = sourcecode.c.objc; path = WKVLCVideoPlugin.m; sourceTree = "<group>"; };
		FA958E471E5BB19B007E1847 /* VLCKit.framework */ = {isa = PBXFileReference; lastKnownFileType = wrapper.framework; name = VLCKit.framework; path = ../../../../Library/Frameworks/VLCKit.framework; sourceTree = "<group>"; };
		FAA5D32C1E253DEE0086D179 /* Info.plist */ = {isa = PBXFileReference; lastKnownFileType = text.plist.xml; path = Info.plist; sourceTree = "<group>"; };
		FACCBA751E23C1D10092E594 /* WKImagePlugin.h */ = {isa = PBXFileReference; fileEncoding = 4; lastKnownFileType = sourcecode.c.h; path = WKImagePlugin.h; sourceTree = "<group>"; };
		FACCBA761E23C1D10092E594 /* WKImagePlugin.m */ = {isa = PBXFileReference; fileEncoding = 4; lastKnownFileType = sourcecode.c.objc; path = WKImagePlugin.m; sourceTree = "<group>"; };
		FACCBA791E23C3A40092E594 /* WKWebpagePlugin.h */ = {isa = PBXFileReference; fileEncoding = 4; lastKnownFileType = sourcecode.c.h; path = WKWebpagePlugin.h; sourceTree = "<group>"; };
		FACCBA7A1E23C3A40092E594 /* WKWebpagePlugin.m */ = {isa = PBXFileReference; fileEncoding = 4; lastKnownFileType = sourcecode.c.objc; path = WKWebpagePlugin.m; sourceTree = "<group>"; wrapsLines = 0; };
		FAE6CB691E24479600025494 /* OpenGL.framework */ = {isa = PBXFileReference; lastKnownFileType = wrapper.framework; name = OpenGL.framework; path = System/Library/Frameworks/OpenGL.framework; sourceTree = SDKROOT; };
/* End PBXFileReference section */

/* Begin PBXFrameworksBuildPhase section */
		FA3D1F3B1E2534BC005A57CF /* Frameworks */ = {
			isa = PBXFrameworksBuildPhase;
			buildActionMask = 2147483647;
			files = (
				FA696B901E4EB02400541B0A /* WallpaperKit.framework in Frameworks */,
			);
			runOnlyForDeploymentPostprocessing = 0;
		};
		FA696B851E4EB02400541B0A /* Frameworks */ = {
			isa = PBXFrameworksBuildPhase;
			buildActionMask = 2147483647;
			files = (
				FA958E481E5BB19B007E1847 /* VLCKit.framework in Frameworks */,
				FA5361F41E59AA920072B0DB /* libsqlite3.0.tbd in Frameworks */,
				FA5361F21E59AA4D0072B0DB /* CoreImage.framework in Frameworks */,
				FA1ECD331E55A779007BF0C2 /* GLUT.framework in Frameworks */,
				FA696BA21E4EB0B100541B0A /* MMMarkdown.framework in Frameworks */,
				FA696B9A1E4EB05900541B0A /* AppKit.framework in Frameworks */,
				FA696B991E4EB05100541B0A /* CoreGraphics.framework in Frameworks */,
				FA696B981E4EB04E00541B0A /* AVKit.framework in Frameworks */,
				FA696B971E4EB04700541B0A /* OpenGL.framework in Frameworks */,
				FA696B961E4EB04300541B0A /* CoreServices.framework in Frameworks */,
			);
			runOnlyForDeploymentPostprocessing = 0;
		};
/* End PBXFrameworksBuildPhase section */

/* Begin PBXGroup section */
		FA25DC171E23B6B400EB029C /* Plugin */ = {
			isa = PBXGroup;
			children = (
				FA25DC131E23B6AB00EB029C /* WKVideoPlugin.h */,
				FA25DC141E23B6AB00EB029C /* WKVideoPlugin.m */,
				FACCBA751E23C1D10092E594 /* WKImagePlugin.h */,
				FACCBA761E23C1D10092E594 /* WKImagePlugin.m */,
				FACCBA791E23C3A40092E594 /* WKWebpagePlugin.h */,
				FACCBA7A1E23C3A40092E594 /* WKWebpagePlugin.m */,
				FA4FFEEE1E2413BE00E4AF31 /* WKOpenGLPlugin.h */,
				FA4FFEEF1E2413BE00E4AF31 /* WKOpenGLPlugin.m */,
				FA696BA31E4EB0CD00541B0A /* WKMarkdownPlugin.h */,
				FA696BA41E4EB0CD00541B0A /* WKMarkdownPlugin.m */,
				FA73B5901E54D738005F5835 /* WKImageSlideshow.h */,
				FA73B5911E54D738005F5835 /* WKImageSlideshow.m */,
				FA3433E41E594028009A67DA /* WKiTunesLyrics.h */,
				FA3433E51E594028009A67DA /* WKiTunesLyrics.m */,
				FA958E401E5BA5CA007E1847 /* WKVLCVideoPlugin.h */,
				FA958E411E5BA5CA007E1847 /* WKVLCVideoPlugin.m */,
				FA87042B1E61B20A00DD2993 /* WKDraggableImage.h */,
				FA87042C1E61B20A00DD2993 /* WKDraggableImage.m */,
				FA5361EE1E59A8D80072B0DB /* iTunesLyrics */,
			);
			name = Plugin;
			sourceTree = "<group>";
		};
		FA25DC1C1E23BCC200EB029C /* Manager */ = {
			isa = PBXGroup;
			children = (
				FA25DC0F1E23842200EB029C /* WKDesktopManager.h */,
				FA25DC101E23842200EB029C /* WKDesktopManager.m */,
				FA25DC181E23BCB800EB029C /* WKRenderManager.h */,
				FA25DC191E23BCB800EB029C /* WKRenderManager.m */,
				FA686DA91E74F64400F9F363 /* WKConfigurationManager.h */,
				FA686DAA1E74F64400F9F363 /* WKConfigurationManager.m */,
			);
			name = Manager;
			sourceTree = "<group>";
		};
		FA3D1F3F1E2534BC005A57CF /* Application */ = {
			isa = PBXGroup;
			children = (
				FA3D1F401E2534BC005A57CF /* AppDelegate.h */,
				FA3D1F411E2534BC005A57CF /* AppDelegate.m */,
				FA53CCEA1E254BB400B23AC8 /* MainViewController.h */,
				FA53CCEB1E254BB400B23AC8 /* MainViewController.m */,
				FA3D1F461E2534BC005A57CF /* Assets.xcassets */,
				FA3D1F481E2534BC005A57CF /* MainMenu.xib */,
				FA3D1F4B1E2534BC005A57CF /* Info.plist */,
				FA3D1F431E2534BC005A57CF /* Supporting Files */,
			);
			path = Application;
			sourceTree = "<group>";
		};
		FA3D1F431E2534BC005A57CF /* Supporting Files */ = {
			isa = PBXGroup;
			children = (
				FA3D1F441E2534BC005A57CF /* main.m */,
			);
			name = "Supporting Files";
			sourceTree = "<group>";
		};
		FA4C45951E2307AE00B35322 = {
			isa = PBXGroup;
			children = (
				FA696B701E4EAF5100541B0A /* MMMarkdown.xcodeproj */,
				FA3D1F3F1E2534BC005A57CF /* Application */,
				FAA5D32B1E253DEE0086D179 /* WallpaperKit */,
				FA4C459F1E2307AE00B35322 /* Products */,
				FA4C45AA1E23086E00B35322 /* Frameworks */,
			);
			sourceTree = "<group>";
		};
		FA4C459F1E2307AE00B35322 /* Products */ = {
			isa = PBXGroup;
			children = (
				FA3D1F3E1E2534BC005A57CF /* WallpaperKit.app */,
				FA696B891E4EB02400541B0A /* WallpaperKit.framework */,
			);
			name = Products;
			sourceTree = "<group>";
		};
		FA4C45AA1E23086E00B35322 /* Frameworks */ = {
			isa = PBXGroup;
			children = (
				FA958E471E5BB19B007E1847 /* VLCKit.framework */,
				FA5361F31E59AA920072B0DB /* libsqlite3.0.tbd */,
				FA5361F11E59AA4D0072B0DB /* CoreImage.framework */,
				FA1ECD321E55A779007BF0C2 /* GLUT.framework */,
				FAE6CB691E24479600025494 /* OpenGL.framework */,
				FA4FFEEC1E240FB600E4AF31 /* ApplicationServices.framework */,
				FA4FFEEA1E240FA400E4AF31 /* CoreServices.framework */,
				FA25DC0A1E231BF200EB029C /* AVKit.framework */,
				FA25DC081E231B9000EB029C /* AVFoundation.framework */,
				FA25DC061E231A2800EB029C /* CoreGraphics.framework */,
				FA4C45AB1E23086E00B35322 /* AppKit.framework */,
			);
			name = Frameworks;
			sourceTree = "<group>";
		};
		FA5361EE1E59A8D80072B0DB /* iTunesLyrics */ = {
			isa = PBXGroup;
			children = (
				FA686DA11E74F5C300F9F363 /* SLColorArt.h */,
				FA686DA21E74F5C300F9F363 /* SLColorArt.m */,
				FA5361D41E59A8D20072B0DB /* iTunes.h */,
				FA5361D51E59A8D20072B0DB /* Lyric.h */,
				FA5361D61E59A8D20072B0DB /* Lyric.m */,
				FA5361EF1E59A9190072B0DB /* AbstractLyricSearchEngine.h */,
				FA5361D71E59A8D20072B0DB /* NeteaseLyricSearchEngine.h */,
				FA5361D81E59A8D20072B0DB /* NeteaseLyricSearchEngine.m */,
				FA5361DB1E59A8D20072B0DB /* DLLRCParser.h */,
				FA5361DC1E59A8D20072B0DB /* DLLRCParser.m */,
				FA5361DD1E59A8D20072B0DB /* LyricManager.h */,
				FA5361DE1E59A8D20072B0DB /* LyricManager.m */,
			);
			name = iTunesLyrics;
			sourceTree = "<group>";
		};
		FA696B711E4EAF5100541B0A /* Products */ = {
			isa = PBXGroup;
			children = (
				FA696B791E4EAF5200541B0A /* MMMarkdown.framework */,
				FA696B7B1E4EAF5200541B0A /* MMMarkdown.framework */,
				FA696B7D1E4EAF5200541B0A /* MMMarkdown.framework */,
				FA696B7F1E4EAF5200541B0A /* MMMarkdown.framework */,
				FA696B811E4EAF5200541B0A /* MMMarkdownTests.xctest */,
			);
			name = Products;
			sourceTree = "<group>";
		};
		FAA5D32B1E253DEE0086D179 /* WallpaperKit */ = {
			isa = PBXGroup;
			children = (
				FA25DC0E1E237D4E00EB029C /* WKRenderProtocal.h */,
				FA574A711E58DFD1002CEF64 /* WKOcclusionStateWindow.h */,
				FA574A721E58DFD1002CEF64 /* WKOcclusionStateWindow.m */,
				FA4C45A11E2307AE00B35322 /* WKDesktop.h */,
				FA4C45A31E2307AE00B35322 /* WKDesktop.m */,
				FA0063071E585D12007BCA29 /* WKUtils.h */,
				FA0063081E585D12007BCA29 /* WKUtils.m */,
				FA25DC171E23B6B400EB029C /* Plugin */,
				FA25DC1C1E23BCC200EB029C /* Manager */,
				FAA5D32C1E253DEE0086D179 /* Info.plist */,
				FA73B5711E54CB10005F5835 /* WallpaperKit.h */,
			);
			path = WallpaperKit;
			sourceTree = "<group>";
		};
/* End PBXGroup section */

/* Begin PBXHeadersBuildPhase section */
		FA696B861E4EB02400541B0A /* Headers */ = {
			isa = PBXHeadersBuildPhase;
			buildActionMask = 2147483647;
			files = (
				FA7F1A3E1E5B3F7800619E4D /* WallpaperKit.h in Headers */,
				FA7F1A121E5B3CC700619E4D /* WKRenderProtocal.h in Headers */,
				FA7F1A131E5B3CC700619E4D /* WKOcclusionStateWindow.h in Headers */,
				FA7F1A141E5B3CC700619E4D /* WKDesktop.h in Headers */,
				FA958E421E5BA5CA007E1847 /* WKVLCVideoPlugin.h in Headers */,
				FA7F1A151E5B3CC700619E4D /* WKUtils.h in Headers */,
				FA87042D1E61B20A00DD2993 /* WKDraggableImage.h in Headers */,
				FA7F1A161E5B3CC700619E4D /* WKVideoPlugin.h in Headers */,
				FA7F1A171E5B3CC700619E4D /* WKImagePlugin.h in Headers */,
				FA686DAB1E74F64400F9F363 /* WKConfigurationManager.h in Headers */,
				FA7F1A181E5B3CC700619E4D /* WKWebpagePlugin.h in Headers */,
				FA7F1A191E5B3CC700619E4D /* WKOpenGLPlugin.h in Headers */,
				FA7F1A1A1E5B3CC700619E4D /* WKMarkdownPlugin.h in Headers */,
				FA686DA31E74F5C300F9F363 /* SLColorArt.h in Headers */,
				FA7F1A1B1E5B3CC700619E4D /* WKImageSlideshow.h in Headers */,
				FA7F1A1C1E5B3CC700619E4D /* WKiTunesLyrics.h in Headers */,
				FA7F1A1D1E5B3CC700619E4D /* WKDesktopManager.h in Headers */,
				FA7F1A1E1E5B3CC700619E4D /* WKRenderManager.h in Headers */,
			);
			runOnlyForDeploymentPostprocessing = 0;
		};
/* End PBXHeadersBuildPhase section */

/* Begin PBXNativeTarget section */
		FA3D1F3D1E2534BC005A57CF /* Application */ = {
			isa = PBXNativeTarget;
			buildConfigurationList = FA3D1F4E1E2534BC005A57CF /* Build configuration list for PBXNativeTarget "Application" */;
			buildPhases = (
				FA3D1F3A1E2534BC005A57CF /* Sources */,
				FA3D1F3B1E2534BC005A57CF /* Frameworks */,
				FA3D1F3C1E2534BC005A57CF /* Resources */,
				FA696B951E4EB02400541B0A /* Embed Frameworks */,
			);
			buildRules = (
			);
			dependencies = (
				FA73B57C1E54CC2E005F5835 /* PBXTargetDependency */,
			);
			name = Application;
			productName = Application;
			productReference = FA3D1F3E1E2534BC005A57CF /* WallpaperKit.app */;
			productType = "com.apple.product-type.application";
		};
		FA696B881E4EB02400541B0A /* WallpaperKit */ = {
			isa = PBXNativeTarget;
			buildConfigurationList = FA696B921E4EB02400541B0A /* Build configuration list for PBXNativeTarget "WallpaperKit" */;
			buildPhases = (
				FA696B841E4EB02400541B0A /* Sources */,
				FA696B851E4EB02400541B0A /* Frameworks */,
				FA696B861E4EB02400541B0A /* Headers */,
				FA696B871E4EB02400541B0A /* Resources */,
				FA9FB4861E58D38200165C89 /* ShellScript */,
			);
			buildRules = (
			);
			dependencies = (
				FA357C9E1E5568A90083D95A /* PBXTargetDependency */,
			);
			name = WallpaperKit;
			productName = Framework;
			productReference = FA696B891E4EB02400541B0A /* WallpaperKit.framework */;
			productType = "com.apple.product-type.framework";
		};
/* End PBXNativeTarget section */

/* Begin PBXProject section */
		FA4C45961E2307AE00B35322 /* Project object */ = {
			isa = PBXProject;
			attributes = {
				LastUpgradeCheck = 0820;
				ORGANIZATIONNAME = NavilleZhang;
				TargetAttributes = {
					FA3D1F3D1E2534BC005A57CF = {
						CreatedOnToolsVersion = 8.2.1;
						ProvisioningStyle = Automatic;
					};
					FA696B881E4EB02400541B0A = {
						CreatedOnToolsVersion = 8.2.1;
						ProvisioningStyle = Automatic;
					};
				};
			};
			buildConfigurationList = FA4C45991E2307AE00B35322 /* Build configuration list for PBXProject "WallpaperKit" */;
			compatibilityVersion = "Xcode 3.2";
			developmentRegion = English;
			hasScannedForEncodings = 0;
			knownRegions = (
				en,
				Base,
			);
			mainGroup = FA4C45951E2307AE00B35322;
			productRefGroup = FA4C459F1E2307AE00B35322 /* Products */;
			projectDirPath = "";
			projectReferences = (
				{
					ProductGroup = FA696B711E4EAF5100541B0A /* Products */;
					ProjectRef = FA696B701E4EAF5100541B0A /* MMMarkdown.xcodeproj */;
				},
			);
			projectRoot = "";
			targets = (
				FA3D1F3D1E2534BC005A57CF /* Application */,
				FA696B881E4EB02400541B0A /* WallpaperKit */,
			);
		};
/* End PBXProject section */

/* Begin PBXReferenceProxy section */
		FA696B791E4EAF5200541B0A /* MMMarkdown.framework */ = {
			isa = PBXReferenceProxy;
			fileType = wrapper.framework;
			path = MMMarkdown.framework;
			remoteRef = FA696B781E4EAF5200541B0A /* PBXContainerItemProxy */;
			sourceTree = BUILT_PRODUCTS_DIR;
		};
		FA696B7B1E4EAF5200541B0A /* MMMarkdown.framework */ = {
			isa = PBXReferenceProxy;
			fileType = wrapper.framework;
			path = MMMarkdown.framework;
			remoteRef = FA696B7A1E4EAF5200541B0A /* PBXContainerItemProxy */;
			sourceTree = BUILT_PRODUCTS_DIR;
		};
		FA696B7D1E4EAF5200541B0A /* MMMarkdown.framework */ = {
			isa = PBXReferenceProxy;
			fileType = wrapper.framework;
			path = MMMarkdown.framework;
			remoteRef = FA696B7C1E4EAF5200541B0A /* PBXContainerItemProxy */;
			sourceTree = BUILT_PRODUCTS_DIR;
		};
		FA696B7F1E4EAF5200541B0A /* MMMarkdown.framework */ = {
			isa = PBXReferenceProxy;
			fileType = wrapper.framework;
			path = MMMarkdown.framework;
			remoteRef = FA696B7E1E4EAF5200541B0A /* PBXContainerItemProxy */;
			sourceTree = BUILT_PRODUCTS_DIR;
		};
		FA696B811E4EAF5200541B0A /* MMMarkdownTests.xctest */ = {
			isa = PBXReferenceProxy;
			fileType = wrapper.cfbundle;
			path = MMMarkdownTests.xctest;
			remoteRef = FA696B801E4EAF5200541B0A /* PBXContainerItemProxy */;
			sourceTree = BUILT_PRODUCTS_DIR;
		};
/* End PBXReferenceProxy section */

/* Begin PBXResourcesBuildPhase section */
		FA3D1F3C1E2534BC005A57CF /* Resources */ = {
			isa = PBXResourcesBuildPhase;
			buildActionMask = 2147483647;
			files = (
				FA3D1F471E2534BC005A57CF /* Assets.xcassets in Resources */,
				FA3D1F4A1E2534BC005A57CF /* MainMenu.xib in Resources */,
			);
			runOnlyForDeploymentPostprocessing = 0;
		};
		FA696B871E4EB02400541B0A /* Resources */ = {
			isa = PBXResourcesBuildPhase;
			buildActionMask = 2147483647;
			files = (
			);
			runOnlyForDeploymentPostprocessing = 0;
		};
/* End PBXResourcesBuildPhase section */

/* Begin PBXShellScriptBuildPhase section */
		FA9FB4861E58D38200165C89 /* ShellScript */ = {
			isa = PBXShellScriptBuildPhase;
			buildActionMask = 2147483647;
			files = (
			);
			inputPaths = (
			);
			outputPaths = (
			);
			runOnlyForDeploymentPostprocessing = 0;
			shellPath = /bin/sh;
			shellScript = "appledoc --project-name WallpaperKit --project-company Naville $SRCROOT/WallpaperKit||true";
		};
/* End PBXShellScriptBuildPhase section */

/* Begin PBXSourcesBuildPhase section */
		FA3D1F3A1E2534BC005A57CF /* Sources */ = {
			isa = PBXSourcesBuildPhase;
			buildActionMask = 2147483647;
			files = (
				FA3D1F451E2534BC005A57CF /* main.m in Sources */,
				FA53CCEC1E254BB400B23AC8 /* MainViewController.m in Sources */,
				FA3D1F421E2534BC005A57CF /* AppDelegate.m in Sources */,
			);
			runOnlyForDeploymentPostprocessing = 0;
		};
		FA696B841E4EB02400541B0A /* Sources */ = {
			isa = PBXSourcesBuildPhase;
			buildActionMask = 2147483647;
			files = (
				FA958E451E5BAE7E007E1847 /* WKVLCVideoPlugin.m in Sources */,
				FA73B5931E54D738005F5835 /* WKImageSlideshow.m in Sources */,
				FA5361E91E59A8D20072B0DB /* LyricManager.m in Sources */,
				FA696BA61E4EB18300541B0A /* WKMarkdownPlugin.m in Sources */,
				FA87042E1E61B20A00DD2993 /* WKDraggableImage.m in Sources */,
				FA5361E11E59A8D20072B0DB /* Lyric.m in Sources */,
				FA696B9B1E4EB07800541B0A /* WKDesktop.m in Sources */,
				FA3433E71E594028009A67DA /* WKiTunesLyrics.m in Sources */,
				FA5361E71E59A8D20072B0DB /* DLLRCParser.m in Sources */,
				FA00630A1E585D12007BCA29 /* WKUtils.m in Sources */,
				FA696B9C1E4EB07800541B0A /* WKVideoPlugin.m in Sources */,
				FA696B9D1E4EB07800541B0A /* WKImagePlugin.m in Sources */,
				FA696B9E1E4EB07800541B0A /* WKWebpagePlugin.m in Sources */,
				FA5361E31E59A8D20072B0DB /* NeteaseLyricSearchEngine.m in Sources */,
				FA696B9F1E4EB07800541B0A /* WKOpenGLPlugin.m in Sources */,
				FA686DAC1E74F64400F9F363 /* WKConfigurationManager.m in Sources */,
				FA686DA41E74F5C300F9F363 /* SLColorArt.m in Sources */,
				FA696BA01E4EB07800541B0A /* WKDesktopManager.m in Sources */,
				FA696BA11E4EB07800541B0A /* WKRenderManager.m in Sources */,
				FA574A741E58DFD1002CEF64 /* WKOcclusionStateWindow.m in Sources */,
			);
			runOnlyForDeploymentPostprocessing = 0;
		};
/* End PBXSourcesBuildPhase section */

/* Begin PBXTargetDependency section */
		FA357C9E1E5568A90083D95A /* PBXTargetDependency */ = {
			isa = PBXTargetDependency;
			name = "MMMarkdown (OS X)";
			targetProxy = FA357C9D1E5568A90083D95A /* PBXContainerItemProxy */;
		};
		FA73B57C1E54CC2E005F5835 /* PBXTargetDependency */ = {
			isa = PBXTargetDependency;
			target = FA696B881E4EB02400541B0A /* WallpaperKit */;
			targetProxy = FA73B57B1E54CC2E005F5835 /* PBXContainerItemProxy */;
		};
/* End PBXTargetDependency section */

/* Begin PBXVariantGroup section */
		FA3D1F481E2534BC005A57CF /* MainMenu.xib */ = {
			isa = PBXVariantGroup;
			children = (
				FA3D1F491E2534BC005A57CF /* Base */,
			);
			name = MainMenu.xib;
			sourceTree = "<group>";
		};
/* End PBXVariantGroup section */

/* Begin XCBuildConfiguration section */
		FA3D1F4C1E2534BC005A57CF /* Debug */ = {
			isa = XCBuildConfiguration;
			buildSettings = {
				ALWAYS_SEARCH_USER_PATHS = NO;
				ASSETCATALOG_COMPILER_APPICON_NAME = AppIcon;
				COMBINE_HIDPI_IMAGES = YES;
				FRAMEWORK_SEARCH_PATHS = (
					/Library/Frameworks,
					"$(PROJECT_DIR)",
				);
				INFOPLIST_FILE = Application/Info.plist;
				LD_RUNPATH_SEARCH_PATHS = "$(inherited) @loader_path/../Frameworks";
				PRODUCT_BUNDLE_IDENTIFIER = naville.wallpaperkit.application;
				PRODUCT_NAME = WallpaperKit;
			};
			name = Debug;
		};
		FA3D1F4D1E2534BC005A57CF /* Release */ = {
			isa = XCBuildConfiguration;
			buildSettings = {
				ALWAYS_SEARCH_USER_PATHS = NO;
				ASSETCATALOG_COMPILER_APPICON_NAME = AppIcon;
				COMBINE_HIDPI_IMAGES = YES;
				FRAMEWORK_SEARCH_PATHS = (
					/Library/Frameworks,
					"$(PROJECT_DIR)",
				);
				INFOPLIST_FILE = Application/Info.plist;
				LD_RUNPATH_SEARCH_PATHS = "$(inherited) @loader_path/../Frameworks";
				PRODUCT_BUNDLE_IDENTIFIER = naville.wallpaperkit.application;
				PRODUCT_NAME = WallpaperKit;
			};
			name = Release;
		};
		FA4C45A51E2307AE00B35322 /* Debug */ = {
			isa = XCBuildConfiguration;
			buildSettings = {
				ALWAYS_SEARCH_USER_PATHS = YES;
				CLANG_ALLOW_NON_MODULAR_INCLUDES_IN_FRAMEWORK_MODULES = YES;
				CLANG_ANALYZER_NONNULL = YES;
				CLANG_CXX_LANGUAGE_STANDARD = "gnu++0x";
				CLANG_CXX_LIBRARY = "libc++";
				CLANG_ENABLE_MODULES = YES;
				CLANG_ENABLE_OBJC_ARC = YES;
				CLANG_WARN_BOOL_CONVERSION = YES;
				CLANG_WARN_CONSTANT_CONVERSION = YES;
				CLANG_WARN_DIRECT_OBJC_ISA_USAGE = YES_ERROR;
				CLANG_WARN_DOCUMENTATION_COMMENTS = YES;
				CLANG_WARN_EMPTY_BODY = YES;
				CLANG_WARN_ENUM_CONVERSION = YES;
				CLANG_WARN_INFINITE_RECURSION = YES;
				CLANG_WARN_INT_CONVERSION = YES;
				CLANG_WARN_OBJC_ROOT_CLASS = YES_ERROR;
				CLANG_WARN_SUSPICIOUS_MOVE = YES;
				CLANG_WARN_UNREACHABLE_CODE = YES;
				CLANG_WARN__DUPLICATE_METHOD_MATCH = YES;
				CODE_SIGN_IDENTITY = "-";
				COPY_PHASE_STRIP = NO;
				DEBUG_INFORMATION_FORMAT = dwarf;
				ENABLE_STRICT_OBJC_MSGSEND = YES;
				ENABLE_TESTABILITY = YES;
				FRAMEWORK_SEARCH_PATHS = "$(PROJECT_DIR)/VLCKit/build/Release/**";
				GCC_C_LANGUAGE_STANDARD = gnu99;
				GCC_DYNAMIC_NO_PIC = NO;
				GCC_NO_COMMON_BLOCKS = YES;
				GCC_OPTIMIZATION_LEVEL = 0;
				GCC_PREPROCESSOR_DEFINITIONS = (
					"DEBUG=1",
					"$(inherited)",
				);
				GCC_WARN_64_TO_32_BIT_CONVERSION = YES;
				GCC_WARN_ABOUT_RETURN_TYPE = YES_ERROR;
				GCC_WARN_UNDECLARED_SELECTOR = YES;
				GCC_WARN_UNINITIALIZED_AUTOS = YES_AGGRESSIVE;
				GCC_WARN_UNUSED_FUNCTION = YES;
				GCC_WARN_UNUSED_VARIABLE = YES;
				MACOSX_DEPLOYMENT_TARGET = 10.12;
				MTL_ENABLE_DEBUG_INFO = YES;
				ONLY_ACTIVE_ARCH = YES;
				SDKROOT = macosx;
			};
			name = Debug;
		};
		FA4C45A61E2307AE00B35322 /* Release */ = {
			isa = XCBuildConfiguration;
			buildSettings = {
				ALWAYS_SEARCH_USER_PATHS = YES;
				CLANG_ALLOW_NON_MODULAR_INCLUDES_IN_FRAMEWORK_MODULES = YES;
				CLANG_ANALYZER_NONNULL = YES;
				CLANG_CXX_LANGUAGE_STANDARD = "gnu++0x";
				CLANG_CXX_LIBRARY = "libc++";
				CLANG_ENABLE_MODULES = YES;
				CLANG_ENABLE_OBJC_ARC = YES;
				CLANG_WARN_BOOL_CONVERSION = YES;
				CLANG_WARN_CONSTANT_CONVERSION = YES;
				CLANG_WARN_DIRECT_OBJC_ISA_USAGE = YES_ERROR;
				CLANG_WARN_DOCUMENTATION_COMMENTS = YES;
				CLANG_WARN_EMPTY_BODY = YES;
				CLANG_WARN_ENUM_CONVERSION = YES;
				CLANG_WARN_INFINITE_RECURSION = YES;
				CLANG_WARN_INT_CONVERSION = YES;
				CLANG_WARN_OBJC_ROOT_CLASS = YES_ERROR;
				CLANG_WARN_SUSPICIOUS_MOVE = YES;
				CLANG_WARN_UNREACHABLE_CODE = YES;
				CLANG_WARN__DUPLICATE_METHOD_MATCH = YES;
				CODE_SIGN_IDENTITY = "-";
				COPY_PHASE_STRIP = NO;
				DEBUG_INFORMATION_FORMAT = "dwarf-with-dsym";
				ENABLE_NS_ASSERTIONS = NO;
				ENABLE_STRICT_OBJC_MSGSEND = YES;
				FRAMEWORK_SEARCH_PATHS = "$(PROJECT_DIR)/VLCKit/build/Release/**";
				GCC_C_LANGUAGE_STANDARD = gnu99;
				GCC_NO_COMMON_BLOCKS = YES;
				GCC_WARN_64_TO_32_BIT_CONVERSION = YES;
				GCC_WARN_ABOUT_RETURN_TYPE = YES_ERROR;
				GCC_WARN_UNDECLARED_SELECTOR = YES;
				GCC_WARN_UNINITIALIZED_AUTOS = YES_AGGRESSIVE;
				GCC_WARN_UNUSED_FUNCTION = YES;
				GCC_WARN_UNUSED_VARIABLE = YES;
				MACOSX_DEPLOYMENT_TARGET = 10.12;
				MTL_ENABLE_DEBUG_INFO = NO;
				SDKROOT = macosx;
			};
			name = Release;
		};
		FA696B931E4EB02400541B0A /* Debug */ = {
			isa = XCBuildConfiguration;
			buildSettings = {
				ALWAYS_SEARCH_USER_PATHS = NO;
				CODE_SIGN_IDENTITY = "";
				COMBINE_HIDPI_IMAGES = YES;
				CURRENT_PROJECT_VERSION = 1;
				DEFINES_MODULE = YES;
				DYLIB_COMPATIBILITY_VERSION = 1;
				DYLIB_CURRENT_VERSION = 1;
				DYLIB_INSTALL_NAME_BASE = "@loader_path/../Frameworks";
				FRAMEWORK_SEARCH_PATHS = (
					"$(PROJECT_DIR)",
					"$(LOCAL_LIBRARY_DIR)/Frameworks",
				);
				FRAMEWORK_VERSION = A;
				INFOPLIST_FILE = "$(SRCROOT)/WallpaperKit/Info.plist";
				INSTALL_PATH = "$(LOCAL_LIBRARY_DIR)/Frameworks";
				LD_RUNPATH_SEARCH_PATHS = "@loader_path/../Frameworks";
				PRODUCT_BUNDLE_IDENTIFIER = naville.wallpaperkit;
				PRODUCT_NAME = "$(TARGET_NAME)";
				SCAN_ALL_SOURCE_FILES_FOR_INCLUDES = NO;
				SKIP_INSTALL = YES;
				VERSIONING_SYSTEM = "apple-generic";
				VERSION_INFO_PREFIX = "";
			};
			name = Debug;
		};
		FA696B941E4EB02400541B0A /* Release */ = {
			isa = XCBuildConfiguration;
			buildSettings = {
				ALWAYS_SEARCH_USER_PATHS = NO;
				CODE_SIGN_IDENTITY = "";
				COMBINE_HIDPI_IMAGES = YES;
				CURRENT_PROJECT_VERSION = 1;
				DEFINES_MODULE = YES;
				DYLIB_COMPATIBILITY_VERSION = 1;
				DYLIB_CURRENT_VERSION = 1;
				DYLIB_INSTALL_NAME_BASE = "@loader_path/../Frameworks";
				FRAMEWORK_SEARCH_PATHS = (
					"$(PROJECT_DIR)",
					"$(LOCAL_LIBRARY_DIR)/Frameworks",
				);
				FRAMEWORK_VERSION = A;
				INFOPLIST_FILE = "$(SRCROOT)/WallpaperKit/Info.plist";
				INSTALL_PATH = "$(LOCAL_LIBRARY_DIR)/Frameworks";
				LD_RUNPATH_SEARCH_PATHS = "@loader_path/../Frameworks";
				PRODUCT_BUNDLE_IDENTIFIER = naville.wallpaperkit;
				PRODUCT_NAME = "$(TARGET_NAME)";
				SCAN_ALL_SOURCE_FILES_FOR_INCLUDES = NO;
				SKIP_INSTALL = YES;
				VERSIONING_SYSTEM = "apple-generic";
				VERSION_INFO_PREFIX = "";
			};
			name = Release;
		};
/* End XCBuildConfiguration section */

/* Begin XCConfigurationList section */
		FA3D1F4E1E2534BC005A57CF /* Build configuration list for PBXNativeTarget "Application" */ = {
			isa = XCConfigurationList;
			buildConfigurations = (
				FA3D1F4C1E2534BC005A57CF /* Debug */,
				FA3D1F4D1E2534BC005A57CF /* Release */,
			);
			defaultConfigurationIsVisible = 0;
			defaultConfigurationName = Release;
		};
		FA4C45991E2307AE00B35322 /* Build configuration list for PBXProject "WallpaperKit" */ = {
			isa = XCConfigurationList;
			buildConfigurations = (
				FA4C45A51E2307AE00B35322 /* Debug */,
				FA4C45A61E2307AE00B35322 /* Release */,
			);
			defaultConfigurationIsVisible = 0;
			defaultConfigurationName = Release;
		};
		FA696B921E4EB02400541B0A /* Build configuration list for PBXNativeTarget "WallpaperKit" */ = {
			isa = XCConfigurationList;
			buildConfigurations = (
				FA696B931E4EB02400541B0A /* Debug */,
				FA696B941E4EB02400541B0A /* Release */,
			);
			defaultConfigurationIsVisible = 0;
			defaultConfigurationName = Release;
		};
/* End XCConfigurationList section */
	};
	rootObject = FA4C45961E2307AE00B35322 /* Project object */;
}
