// !$*UTF8*$!
{
	archiveVersion = 1;
	classes = {
	};
	objectVersion = 46;
	objects = {

/* Begin PBXBuildFile section */
		FA11BCC11E23D9EF00333161 /* WKVLCVideoPlugin.h in Headers */ = {isa = PBXBuildFile; fileRef = FA11BCBF1E23D9EF00333161 /* WKVLCVideoPlugin.h */; };
		FA25DC0B1E231BF200EB029C /* AVKit.framework in Frameworks */ = {isa = PBXBuildFile; fileRef = FA25DC0A1E231BF200EB029C /* AVKit.framework */; };
		FA25DC111E23842200EB029C /* WKDesktopManager.h in Headers */ = {isa = PBXBuildFile; fileRef = FA25DC0F1E23842200EB029C /* WKDesktopManager.h */; };
		FA25DC121E23842200EB029C /* WKDesktopManager.m in Sources */ = {isa = PBXBuildFile; fileRef = FA25DC101E23842200EB029C /* WKDesktopManager.m */; };
		FA25DC151E23B6AB00EB029C /* WKVideoPlugin.h in Headers */ = {isa = PBXBuildFile; fileRef = FA25DC131E23B6AB00EB029C /* WKVideoPlugin.h */; };
		FA25DC161E23B6AB00EB029C /* WKVideoPlugin.m in Sources */ = {isa = PBXBuildFile; fileRef = FA25DC141E23B6AB00EB029C /* WKVideoPlugin.m */; };
		FA25DC1A1E23BCB800EB029C /* WKRenderManager.h in Headers */ = {isa = PBXBuildFile; fileRef = FA25DC181E23BCB800EB029C /* WKRenderManager.h */; };
		FA25DC1B1E23BCB800EB029C /* WKRenderManager.m in Sources */ = {isa = PBXBuildFile; fileRef = FA25DC191E23BCB800EB029C /* WKRenderManager.m */; };
		FA3D1F421E2534BC005A57CF /* AppDelegate.m in Sources */ = {isa = PBXBuildFile; fileRef = FA3D1F411E2534BC005A57CF /* AppDelegate.m */; };
		FA3D1F451E2534BC005A57CF /* main.m in Sources */ = {isa = PBXBuildFile; fileRef = FA3D1F441E2534BC005A57CF /* main.m */; };
		FA3D1F471E2534BC005A57CF /* Assets.xcassets in Resources */ = {isa = PBXBuildFile; fileRef = FA3D1F461E2534BC005A57CF /* Assets.xcassets */; };
		FA3D1F4A1E2534BC005A57CF /* MainMenu.xib in Resources */ = {isa = PBXBuildFile; fileRef = FA3D1F481E2534BC005A57CF /* MainMenu.xib */; };
		FA3D1F4F1E2534D0005A57CF /* libWallpaperKit.a in Frameworks */ = {isa = PBXBuildFile; fileRef = FA4C459E1E2307AE00B35322 /* libWallpaperKit.a */; };
		FA4C45A21E2307AE00B35322 /* WKDesktop.h in Headers */ = {isa = PBXBuildFile; fileRef = FA4C45A11E2307AE00B35322 /* WKDesktop.h */; };
		FA4C45A41E2307AE00B35322 /* WKDesktop.m in Sources */ = {isa = PBXBuildFile; fileRef = FA4C45A31E2307AE00B35322 /* WKDesktop.m */; };
		FA4C45AC1E23086E00B35322 /* AppKit.framework in Frameworks */ = {isa = PBXBuildFile; fileRef = FA4C45AB1E23086E00B35322 /* AppKit.framework */; };
		FA4FFEEB1E240FA400E4AF31 /* CoreServices.framework in Frameworks */ = {isa = PBXBuildFile; fileRef = FA4FFEEA1E240FA400E4AF31 /* CoreServices.framework */; };
		FA4FFEED1E240FB600E4AF31 /* ApplicationServices.framework in Frameworks */ = {isa = PBXBuildFile; fileRef = FA4FFEEC1E240FB600E4AF31 /* ApplicationServices.framework */; };
		FA4FFEF01E2413BE00E4AF31 /* WKOpenGLPlugin.h in Headers */ = {isa = PBXBuildFile; fileRef = FA4FFEEE1E2413BE00E4AF31 /* WKOpenGLPlugin.h */; };
		FA4FFEF11E2413BE00E4AF31 /* WKOpenGLPlugin.m in Sources */ = {isa = PBXBuildFile; fileRef = FA4FFEEF1E2413BE00E4AF31 /* WKOpenGLPlugin.m */; };
		FACCBA771E23C1D10092E594 /* WKImagePlugin.h in Headers */ = {isa = PBXBuildFile; fileRef = FACCBA751E23C1D10092E594 /* WKImagePlugin.h */; };
		FACCBA781E23C1D10092E594 /* WKImagePlugin.m in Sources */ = {isa = PBXBuildFile; fileRef = FACCBA761E23C1D10092E594 /* WKImagePlugin.m */; };
		FACCBA7B1E23C3A40092E594 /* WKWebpagePlugin.h in Headers */ = {isa = PBXBuildFile; fileRef = FACCBA791E23C3A40092E594 /* WKWebpagePlugin.h */; };
		FACCBA7C1E23C3A40092E594 /* WKWebpagePlugin.m in Sources */ = {isa = PBXBuildFile; fileRef = FACCBA7A1E23C3A40092E594 /* WKWebpagePlugin.m */; };
		FAE6CB6A1E24479600025494 /* OpenGL.framework in Frameworks */ = {isa = PBXBuildFile; fileRef = FAE6CB691E24479600025494 /* OpenGL.framework */; };
/* End PBXBuildFile section */

/* Begin PBXFileReference section */
		FA11BCBF1E23D9EF00333161 /* WKVLCVideoPlugin.h */ = {isa = PBXFileReference; fileEncoding = 4; lastKnownFileType = sourcecode.c.h; path = WKVLCVideoPlugin.h; sourceTree = "<group>"; };
		FA11BCC01E23D9EF00333161 /* WKVLCVideoPlugin.m */ = {isa = PBXFileReference; fileEncoding = 4; lastKnownFileType = sourcecode.c.objc; path = WKVLCVideoPlugin.m; sourceTree = "<group>"; };
		FA25DC061E231A2800EB029C /* CoreGraphics.framework */ = {isa = PBXFileReference; lastKnownFileType = wrapper.framework; name = CoreGraphics.framework; path = System/Library/Frameworks/CoreGraphics.framework; sourceTree = SDKROOT; };
		FA25DC081E231B9000EB029C /* AVFoundation.framework */ = {isa = PBXFileReference; lastKnownFileType = wrapper.framework; name = AVFoundation.framework; path = System/Library/Frameworks/AVFoundation.framework; sourceTree = SDKROOT; };
		FA25DC0A1E231BF200EB029C /* AVKit.framework */ = {isa = PBXFileReference; lastKnownFileType = wrapper.framework; name = AVKit.framework; path = System/Library/Frameworks/AVKit.framework; sourceTree = SDKROOT; };
		FA25DC0E1E237D4E00EB029C /* WKRenderProtocal.h */ = {isa = PBXFileReference; lastKnownFileType = sourcecode.c.h; path = WKRenderProtocal.h; sourceTree = "<group>"; };
		FA25DC0F1E23842200EB029C /* WKDesktopManager.h */ = {isa = PBXFileReference; fileEncoding = 4; lastKnownFileType = sourcecode.c.h; path = WKDesktopManager.h; sourceTree = "<group>"; };
		FA25DC101E23842200EB029C /* WKDesktopManager.m */ = {isa = PBXFileReference; fileEncoding = 4; lastKnownFileType = sourcecode.c.objc; path = WKDesktopManager.m; sourceTree = "<group>"; };
		FA25DC131E23B6AB00EB029C /* WKVideoPlugin.h */ = {isa = PBXFileReference; fileEncoding = 4; lastKnownFileType = sourcecode.c.h; path = WKVideoPlugin.h; sourceTree = "<group>"; };
		FA25DC141E23B6AB00EB029C /* WKVideoPlugin.m */ = {isa = PBXFileReference; fileEncoding = 4; lastKnownFileType = sourcecode.c.objc; path = WKVideoPlugin.m; sourceTree = "<group>"; };
		FA25DC181E23BCB800EB029C /* WKRenderManager.h */ = {isa = PBXFileReference; fileEncoding = 4; lastKnownFileType = sourcecode.c.h; path = WKRenderManager.h; sourceTree = "<group>"; };
		FA25DC191E23BCB800EB029C /* WKRenderManager.m */ = {isa = PBXFileReference; fileEncoding = 4; lastKnownFileType = sourcecode.c.objc; path = WKRenderManager.m; sourceTree = "<group>"; };
		FA3D1F3E1E2534BC005A57CF /* Application.app */ = {isa = PBXFileReference; explicitFileType = wrapper.application; includeInIndex = 0; path = Application.app; sourceTree = BUILT_PRODUCTS_DIR; };
		FA3D1F401E2534BC005A57CF /* AppDelegate.h */ = {isa = PBXFileReference; lastKnownFileType = sourcecode.c.h; path = AppDelegate.h; sourceTree = "<group>"; };
		FA3D1F411E2534BC005A57CF /* AppDelegate.m */ = {isa = PBXFileReference; lastKnownFileType = sourcecode.c.objc; path = AppDelegate.m; sourceTree = "<group>"; };
		FA3D1F441E2534BC005A57CF /* main.m */ = {isa = PBXFileReference; lastKnownFileType = sourcecode.c.objc; path = main.m; sourceTree = "<group>"; };
		FA3D1F461E2534BC005A57CF /* Assets.xcassets */ = {isa = PBXFileReference; lastKnownFileType = folder.assetcatalog; path = Assets.xcassets; sourceTree = "<group>"; };
		FA3D1F491E2534BC005A57CF /* Base */ = {isa = PBXFileReference; lastKnownFileType = file.xib; name = Base; path = Base.lproj/MainMenu.xib; sourceTree = "<group>"; };
		FA3D1F4B1E2534BC005A57CF /* Info.plist */ = {isa = PBXFileReference; lastKnownFileType = text.plist.xml; path = Info.plist; sourceTree = "<group>"; };
		FA4C459E1E2307AE00B35322 /* libWallpaperKit.a */ = {isa = PBXFileReference; explicitFileType = archive.ar; includeInIndex = 0; path = libWallpaperKit.a; sourceTree = BUILT_PRODUCTS_DIR; };
		FA4C45A11E2307AE00B35322 /* WKDesktop.h */ = {isa = PBXFileReference; lastKnownFileType = sourcecode.c.h; path = WKDesktop.h; sourceTree = "<group>"; };
		FA4C45A31E2307AE00B35322 /* WKDesktop.m */ = {isa = PBXFileReference; lastKnownFileType = sourcecode.c.objc; path = WKDesktop.m; sourceTree = "<group>"; };
		FA4C45AB1E23086E00B35322 /* AppKit.framework */ = {isa = PBXFileReference; lastKnownFileType = wrapper.framework; name = AppKit.framework; path = System/Library/Frameworks/AppKit.framework; sourceTree = SDKROOT; };
		FA4FFEEA1E240FA400E4AF31 /* CoreServices.framework */ = {isa = PBXFileReference; lastKnownFileType = wrapper.framework; name = CoreServices.framework; path = System/Library/Frameworks/CoreServices.framework; sourceTree = SDKROOT; };
		FA4FFEEC1E240FB600E4AF31 /* ApplicationServices.framework */ = {isa = PBXFileReference; lastKnownFileType = wrapper.framework; name = ApplicationServices.framework; path = System/Library/Frameworks/ApplicationServices.framework; sourceTree = SDKROOT; };
		FA4FFEEE1E2413BE00E4AF31 /* WKOpenGLPlugin.h */ = {isa = PBXFileReference; fileEncoding = 4; lastKnownFileType = sourcecode.c.h; path = WKOpenGLPlugin.h; sourceTree = "<group>"; };
		FA4FFEEF1E2413BE00E4AF31 /* WKOpenGLPlugin.m */ = {isa = PBXFileReference; fileEncoding = 4; lastKnownFileType = sourcecode.c.objc; path = WKOpenGLPlugin.m; sourceTree = "<group>"; };
		FACCBA751E23C1D10092E594 /* WKImagePlugin.h */ = {isa = PBXFileReference; fileEncoding = 4; lastKnownFileType = sourcecode.c.h; path = WKImagePlugin.h; sourceTree = "<group>"; };
		FACCBA761E23C1D10092E594 /* WKImagePlugin.m */ = {isa = PBXFileReference; fileEncoding = 4; lastKnownFileType = sourcecode.c.objc; path = WKImagePlugin.m; sourceTree = "<group>"; };
		FACCBA791E23C3A40092E594 /* WKWebpagePlugin.h */ = {isa = PBXFileReference; fileEncoding = 4; lastKnownFileType = sourcecode.c.h; path = WKWebpagePlugin.h; sourceTree = "<group>"; };
		FACCBA7A1E23C3A40092E594 /* WKWebpagePlugin.m */ = {isa = PBXFileReference; fileEncoding = 4; lastKnownFileType = sourcecode.c.objc; path = WKWebpagePlugin.m; sourceTree = "<group>"; };
		FAE6CB691E24479600025494 /* OpenGL.framework */ = {isa = PBXFileReference; lastKnownFileType = wrapper.framework; name = OpenGL.framework; path = System/Library/Frameworks/OpenGL.framework; sourceTree = SDKROOT; };
/* End PBXFileReference section */

/* Begin PBXFrameworksBuildPhase section */
		FA3D1F3B1E2534BC005A57CF /* Frameworks */ = {
			isa = PBXFrameworksBuildPhase;
			buildActionMask = 2147483647;
			files = (
				FA3D1F4F1E2534D0005A57CF /* libWallpaperKit.a in Frameworks */,
			);
			runOnlyForDeploymentPostprocessing = 0;
		};
		FA4C459B1E2307AE00B35322 /* Frameworks */ = {
			isa = PBXFrameworksBuildPhase;
			buildActionMask = 2147483647;
			files = (
				FAE6CB6A1E24479600025494 /* OpenGL.framework in Frameworks */,
				FA4FFEED1E240FB600E4AF31 /* ApplicationServices.framework in Frameworks */,
				FA4FFEEB1E240FA400E4AF31 /* CoreServices.framework in Frameworks */,
				FA25DC0B1E231BF200EB029C /* AVKit.framework in Frameworks */,
				FA4C45AC1E23086E00B35322 /* AppKit.framework in Frameworks */,
			);
			runOnlyForDeploymentPostprocessing = 0;
		};
/* End PBXFrameworksBuildPhase section */

/* Begin PBXGroup section */
		FA25DC171E23B6B400EB029C /* Plugin */ = {
			isa = PBXGroup;
			children = (
				FA25DC131E23B6AB00EB029C /* WKVideoPlugin.h */,
				FA25DC141E23B6AB00EB029C /* WKVideoPlugin.m */,
				FA11BCBF1E23D9EF00333161 /* WKVLCVideoPlugin.h */,
				FA11BCC01E23D9EF00333161 /* WKVLCVideoPlugin.m */,
				FACCBA751E23C1D10092E594 /* WKImagePlugin.h */,
				FACCBA761E23C1D10092E594 /* WKImagePlugin.m */,
				FACCBA791E23C3A40092E594 /* WKWebpagePlugin.h */,
				FACCBA7A1E23C3A40092E594 /* WKWebpagePlugin.m */,
				FA4FFEEE1E2413BE00E4AF31 /* WKOpenGLPlugin.h */,
				FA4FFEEF1E2413BE00E4AF31 /* WKOpenGLPlugin.m */,
			);
			name = Plugin;
			sourceTree = "<group>";
		};
		FA25DC1C1E23BCC200EB029C /* Manager */ = {
			isa = PBXGroup;
			children = (
				FA25DC0F1E23842200EB029C /* WKDesktopManager.h */,
				FA25DC101E23842200EB029C /* WKDesktopManager.m */,
				FA25DC181E23BCB800EB029C /* WKRenderManager.h */,
				FA25DC191E23BCB800EB029C /* WKRenderManager.m */,
			);
			name = Manager;
			sourceTree = "<group>";
		};
		FA3D1F3F1E2534BC005A57CF /* Application */ = {
			isa = PBXGroup;
			children = (
				FA3D1F401E2534BC005A57CF /* AppDelegate.h */,
				FA3D1F411E2534BC005A57CF /* AppDelegate.m */,
				FA3D1F461E2534BC005A57CF /* Assets.xcassets */,
				FA3D1F481E2534BC005A57CF /* MainMenu.xib */,
				FA3D1F4B1E2534BC005A57CF /* Info.plist */,
				FA3D1F431E2534BC005A57CF /* Supporting Files */,
			);
			path = Application;
			sourceTree = "<group>";
		};
		FA3D1F431E2534BC005A57CF /* Supporting Files */ = {
			isa = PBXGroup;
			children = (
				FA3D1F441E2534BC005A57CF /* main.m */,
			);
			name = "Supporting Files";
			sourceTree = "<group>";
		};
		FA4C45951E2307AE00B35322 = {
			isa = PBXGroup;
			children = (
				FA4C45A01E2307AE00B35322 /* WallpaperKit */,
				FA3D1F3F1E2534BC005A57CF /* Application */,
				FA4C459F1E2307AE00B35322 /* Products */,
				FA4C45AA1E23086E00B35322 /* Frameworks */,
			);
			sourceTree = "<group>";
		};
		FA4C459F1E2307AE00B35322 /* Products */ = {
			isa = PBXGroup;
			children = (
				FA4C459E1E2307AE00B35322 /* libWallpaperKit.a */,
				FA3D1F3E1E2534BC005A57CF /* Application.app */,
			);
			name = Products;
			sourceTree = "<group>";
		};
		FA4C45A01E2307AE00B35322 /* WallpaperKit */ = {
			isa = PBXGroup;
			children = (
				FA25DC0E1E237D4E00EB029C /* WKRenderProtocal.h */,
				FA4C45A11E2307AE00B35322 /* WKDesktop.h */,
				FA4C45A31E2307AE00B35322 /* WKDesktop.m */,
				FA25DC171E23B6B400EB029C /* Plugin */,
				FA25DC1C1E23BCC200EB029C /* Manager */,
			);
			path = WallpaperKit;
			sourceTree = "<group>";
		};
		FA4C45AA1E23086E00B35322 /* Frameworks */ = {
			isa = PBXGroup;
			children = (
				FAE6CB691E24479600025494 /* OpenGL.framework */,
				FA4FFEEC1E240FB600E4AF31 /* ApplicationServices.framework */,
				FA4FFEEA1E240FA400E4AF31 /* CoreServices.framework */,
				FA25DC0A1E231BF200EB029C /* AVKit.framework */,
				FA25DC081E231B9000EB029C /* AVFoundation.framework */,
				FA25DC061E231A2800EB029C /* CoreGraphics.framework */,
				FA4C45AB1E23086E00B35322 /* AppKit.framework */,
			);
			name = Frameworks;
			sourceTree = "<group>";
		};
/* End PBXGroup section */

/* Begin PBXHeadersBuildPhase section */
		FA4C459C1E2307AE00B35322 /* Headers */ = {
			isa = PBXHeadersBuildPhase;
			buildActionMask = 2147483647;
			files = (
				FA25DC111E23842200EB029C /* WKDesktopManager.h in Headers */,
				FA4FFEF01E2413BE00E4AF31 /* WKOpenGLPlugin.h in Headers */,
				FACCBA771E23C1D10092E594 /* WKImagePlugin.h in Headers */,
				FACCBA7B1E23C3A40092E594 /* WKWebpagePlugin.h in Headers */,
				FA25DC1A1E23BCB800EB029C /* WKRenderManager.h in Headers */,
				FA25DC151E23B6AB00EB029C /* WKVideoPlugin.h in Headers */,
				FA11BCC11E23D9EF00333161 /* WKVLCVideoPlugin.h in Headers */,
				FA4C45A21E2307AE00B35322 /* WKDesktop.h in Headers */,
			);
			runOnlyForDeploymentPostprocessing = 0;
		};
/* End PBXHeadersBuildPhase section */

/* Begin PBXNativeTarget section */
		FA3D1F3D1E2534BC005A57CF /* Application */ = {
			isa = PBXNativeTarget;
			buildConfigurationList = FA3D1F4E1E2534BC005A57CF /* Build configuration list for PBXNativeTarget "Application" */;
			buildPhases = (
				FA3D1F3A1E2534BC005A57CF /* Sources */,
				FA3D1F3B1E2534BC005A57CF /* Frameworks */,
				FA3D1F3C1E2534BC005A57CF /* Resources */,
			);
			buildRules = (
			);
			dependencies = (
			);
			name = Application;
			productName = Application;
			productReference = FA3D1F3E1E2534BC005A57CF /* Application.app */;
			productType = "com.apple.product-type.application";
		};
		FA4C459D1E2307AE00B35322 /* WallpaperKit */ = {
			isa = PBXNativeTarget;
			buildConfigurationList = FA4C45A71E2307AE00B35322 /* Build configuration list for PBXNativeTarget "WallpaperKit" */;
			buildPhases = (
				FA4C459A1E2307AE00B35322 /* Sources */,
				FA4C459B1E2307AE00B35322 /* Frameworks */,
				FA4C459C1E2307AE00B35322 /* Headers */,
			);
			buildRules = (
			);
			dependencies = (
			);
			name = WallpaperKit;
			productName = WallpaperKit;
			productReference = FA4C459E1E2307AE00B35322 /* libWallpaperKit.a */;
			productType = "com.apple.product-type.library.static";
		};
/* End PBXNativeTarget section */

/* Begin PBXProject section */
		FA4C45961E2307AE00B35322 /* Project object */ = {
			isa = PBXProject;
			attributes = {
				LastUpgradeCheck = 0820;
				ORGANIZATIONNAME = NavilleZhang;
				TargetAttributes = {
					FA3D1F3D1E2534BC005A57CF = {
						CreatedOnToolsVersion = 8.2.1;
						ProvisioningStyle = Automatic;
					};
					FA4C459D1E2307AE00B35322 = {
						CreatedOnToolsVersion = 8.2.1;
						ProvisioningStyle = Automatic;
					};
				};
			};
			buildConfigurationList = FA4C45991E2307AE00B35322 /* Build configuration list for PBXProject "WallpaperKit" */;
			compatibilityVersion = "Xcode 3.2";
			developmentRegion = English;
			hasScannedForEncodings = 0;
			knownRegions = (
				en,
				Base,
			);
			mainGroup = FA4C45951E2307AE00B35322;
			productRefGroup = FA4C459F1E2307AE00B35322 /* Products */;
			projectDirPath = "";
			projectRoot = "";
			targets = (
				FA4C459D1E2307AE00B35322 /* WallpaperKit */,
				FA3D1F3D1E2534BC005A57CF /* Application */,
			);
		};
/* End PBXProject section */

/* Begin PBXResourcesBuildPhase section */
		FA3D1F3C1E2534BC005A57CF /* Resources */ = {
			isa = PBXResourcesBuildPhase;
			buildActionMask = 2147483647;
			files = (
				FA3D1F471E2534BC005A57CF /* Assets.xcassets in Resources */,
				FA3D1F4A1E2534BC005A57CF /* MainMenu.xib in Resources */,
			);
			runOnlyForDeploymentPostprocessing = 0;
		};
/* End PBXResourcesBuildPhase section */

/* Begin PBXSourcesBuildPhase section */
		FA3D1F3A1E2534BC005A57CF /* Sources */ = {
			isa = PBXSourcesBuildPhase;
			buildActionMask = 2147483647;
			files = (
				FA3D1F451E2534BC005A57CF /* main.m in Sources */,
				FA3D1F421E2534BC005A57CF /* AppDelegate.m in Sources */,
			);
			runOnlyForDeploymentPostprocessing = 0;
		};
		FA4C459A1E2307AE00B35322 /* Sources */ = {
			isa = PBXSourcesBuildPhase;
			buildActionMask = 2147483647;
			files = (
				FA4C45A41E2307AE00B35322 /* WKDesktop.m in Sources */,
				FA4FFEF11E2413BE00E4AF31 /* WKOpenGLPlugin.m in Sources */,
				FA25DC1B1E23BCB800EB029C /* WKRenderManager.m in Sources */,
				FA25DC121E23842200EB029C /* WKDesktopManager.m in Sources */,
				FA25DC161E23B6AB00EB029C /* WKVideoPlugin.m in Sources */,
				FACCBA781E23C1D10092E594 /* WKImagePlugin.m in Sources */,
				FACCBA7C1E23C3A40092E594 /* WKWebpagePlugin.m in Sources */,
			);
			runOnlyForDeploymentPostprocessing = 0;
		};
/* End PBXSourcesBuildPhase section */

/* Begin PBXVariantGroup section */
		FA3D1F481E2534BC005A57CF /* MainMenu.xib */ = {
			isa = PBXVariantGroup;
			children = (
				FA3D1F491E2534BC005A57CF /* Base */,
			);
			name = MainMenu.xib;
			sourceTree = "<group>";
		};
/* End PBXVariantGroup section */

/* Begin XCBuildConfiguration section */
		FA3D1F4C1E2534BC005A57CF /* Debug */ = {
			isa = XCBuildConfiguration;
			buildSettings = {
				ALWAYS_SEARCH_USER_PATHS = NO;
				ASSETCATALOG_COMPILER_APPICON_NAME = AppIcon;
				COMBINE_HIDPI_IMAGES = YES;
				INFOPLIST_FILE = Application/Info.plist;
				LD_RUNPATH_SEARCH_PATHS = "$(inherited) @executable_path/../Frameworks";
				PRODUCT_BUNDLE_IDENTIFIER = naville.Application;
				PRODUCT_NAME = "$(TARGET_NAME)";
			};
			name = Debug;
		};
		FA3D1F4D1E2534BC005A57CF /* Release */ = {
			isa = XCBuildConfiguration;
			buildSettings = {
				ALWAYS_SEARCH_USER_PATHS = NO;
				ASSETCATALOG_COMPILER_APPICON_NAME = AppIcon;
				COMBINE_HIDPI_IMAGES = YES;
				INFOPLIST_FILE = Application/Info.plist;
				LD_RUNPATH_SEARCH_PATHS = "$(inherited) @executable_path/../Frameworks";
				PRODUCT_BUNDLE_IDENTIFIER = naville.Application;
				PRODUCT_NAME = "$(TARGET_NAME)";
			};
			name = Release;
		};
		FA4C45A51E2307AE00B35322 /* Debug */ = {
			isa = XCBuildConfiguration;
			buildSettings = {
				ALWAYS_SEARCH_USER_PATHS = YES;
				CLANG_ALLOW_NON_MODULAR_INCLUDES_IN_FRAMEWORK_MODULES = YES;
				CLANG_ANALYZER_NONNULL = YES;
				CLANG_CXX_LANGUAGE_STANDARD = "gnu++0x";
				CLANG_CXX_LIBRARY = "libc++";
				CLANG_ENABLE_MODULES = YES;
				CLANG_ENABLE_OBJC_ARC = YES;
				CLANG_WARN_BOOL_CONVERSION = YES;
				CLANG_WARN_CONSTANT_CONVERSION = YES;
				CLANG_WARN_DIRECT_OBJC_ISA_USAGE = YES_ERROR;
				CLANG_WARN_DOCUMENTATION_COMMENTS = YES;
				CLANG_WARN_EMPTY_BODY = YES;
				CLANG_WARN_ENUM_CONVERSION = YES;
				CLANG_WARN_INFINITE_RECURSION = YES;
				CLANG_WARN_INT_CONVERSION = YES;
				CLANG_WARN_OBJC_ROOT_CLASS = YES_ERROR;
				CLANG_WARN_SUSPICIOUS_MOVE = YES;
				CLANG_WARN_UNREACHABLE_CODE = YES;
				CLANG_WARN__DUPLICATE_METHOD_MATCH = YES;
				CODE_SIGN_IDENTITY = "-";
				COPY_PHASE_STRIP = NO;
				DEBUG_INFORMATION_FORMAT = dwarf;
				ENABLE_STRICT_OBJC_MSGSEND = YES;
				ENABLE_TESTABILITY = YES;
				FRAMEWORK_SEARCH_PATHS = "$(PROJECT_DIR)/VLCKit/build/Release/**";
				GCC_C_LANGUAGE_STANDARD = gnu99;
				GCC_DYNAMIC_NO_PIC = NO;
				GCC_NO_COMMON_BLOCKS = YES;
				GCC_OPTIMIZATION_LEVEL = 0;
				GCC_PREPROCESSOR_DEFINITIONS = (
					"DEBUG=1",
					"$(inherited)",
				);
				GCC_WARN_64_TO_32_BIT_CONVERSION = YES;
				GCC_WARN_ABOUT_RETURN_TYPE = YES_ERROR;
				GCC_WARN_UNDECLARED_SELECTOR = YES;
				GCC_WARN_UNINITIALIZED_AUTOS = YES_AGGRESSIVE;
				GCC_WARN_UNUSED_FUNCTION = YES;
				GCC_WARN_UNUSED_VARIABLE = YES;
				MACOSX_DEPLOYMENT_TARGET = 10.12;
				MTL_ENABLE_DEBUG_INFO = YES;
				ONLY_ACTIVE_ARCH = YES;
				SDKROOT = macosx;
			};
			name = Debug;
		};
		FA4C45A61E2307AE00B35322 /* Release */ = {
			isa = XCBuildConfiguration;
			buildSettings = {
				ALWAYS_SEARCH_USER_PATHS = YES;
				CLANG_ALLOW_NON_MODULAR_INCLUDES_IN_FRAMEWORK_MODULES = YES;
				CLANG_ANALYZER_NONNULL = YES;
				CLANG_CXX_LANGUAGE_STANDARD = "gnu++0x";
				CLANG_CXX_LIBRARY = "libc++";
				CLANG_ENABLE_MODULES = YES;
				CLANG_ENABLE_OBJC_ARC = YES;
				CLANG_WARN_BOOL_CONVERSION = YES;
				CLANG_WARN_CONSTANT_CONVERSION = YES;
				CLANG_WARN_DIRECT_OBJC_ISA_USAGE = YES_ERROR;
				CLANG_WARN_DOCUMENTATION_COMMENTS = YES;
				CLANG_WARN_EMPTY_BODY = YES;
				CLANG_WARN_ENUM_CONVERSION = YES;
				CLANG_WARN_INFINITE_RECURSION = YES;
				CLANG_WARN_INT_CONVERSION = YES;
				CLANG_WARN_OBJC_ROOT_CLASS = YES_ERROR;
				CLANG_WARN_SUSPICIOUS_MOVE = YES;
				CLANG_WARN_UNREACHABLE_CODE = YES;
				CLANG_WARN__DUPLICATE_METHOD_MATCH = YES;
				CODE_SIGN_IDENTITY = "-";
				COPY_PHASE_STRIP = NO;
				DEBUG_INFORMATION_FORMAT = "dwarf-with-dsym";
				ENABLE_NS_ASSERTIONS = NO;
				ENABLE_STRICT_OBJC_MSGSEND = YES;
				FRAMEWORK_SEARCH_PATHS = "$(PROJECT_DIR)/VLCKit/build/Release/**";
				GCC_C_LANGUAGE_STANDARD = gnu99;
				GCC_NO_COMMON_BLOCKS = YES;
				GCC_WARN_64_TO_32_BIT_CONVERSION = YES;
				GCC_WARN_ABOUT_RETURN_TYPE = YES_ERROR;
				GCC_WARN_UNDECLARED_SELECTOR = YES;
				GCC_WARN_UNINITIALIZED_AUTOS = YES_AGGRESSIVE;
				GCC_WARN_UNUSED_FUNCTION = YES;
				GCC_WARN_UNUSED_VARIABLE = YES;
				MACOSX_DEPLOYMENT_TARGET = 10.12;
				MTL_ENABLE_DEBUG_INFO = NO;
				SDKROOT = macosx;
			};
			name = Release;
		};
		FA4C45A81E2307AE00B35322 /* Debug */ = {
			isa = XCBuildConfiguration;
			buildSettings = {
				ALWAYS_SEARCH_USER_PATHS = YES;
				EXECUTABLE_PREFIX = lib;
				FRAMEWORK_SEARCH_PATHS = "$(inherited)";
				HEADER_SEARCH_PATHS = "";
				PRODUCT_NAME = "$(TARGET_NAME)";
			};
			name = Debug;
		};
		FA4C45A91E2307AE00B35322 /* Release */ = {
			isa = XCBuildConfiguration;
			buildSettings = {
				ALWAYS_SEARCH_USER_PATHS = YES;
				EXECUTABLE_PREFIX = lib;
				FRAMEWORK_SEARCH_PATHS = "$(inherited)";
				HEADER_SEARCH_PATHS = "";
				PRODUCT_NAME = "$(TARGET_NAME)";
			};
			name = Release;
		};
/* End XCBuildConfiguration section */

/* Begin XCConfigurationList section */
		FA3D1F4E1E2534BC005A57CF /* Build configuration list for PBXNativeTarget "Application" */ = {
			isa = XCConfigurationList;
			buildConfigurations = (
				FA3D1F4C1E2534BC005A57CF /* Debug */,
				FA3D1F4D1E2534BC005A57CF /* Release */,
			);
			defaultConfigurationIsVisible = 0;
		};
		FA4C45991E2307AE00B35322 /* Build configuration list for PBXProject "WallpaperKit" */ = {
			isa = XCConfigurationList;
			buildConfigurations = (
				FA4C45A51E2307AE00B35322 /* Debug */,
				FA4C45A61E2307AE00B35322 /* Release */,
			);
			defaultConfigurationIsVisible = 0;
			defaultConfigurationName = Release;
		};
		FA4C45A71E2307AE00B35322 /* Build configuration list for PBXNativeTarget "WallpaperKit" */ = {
			isa = XCConfigurationList;
			buildConfigurations = (
				FA4C45A81E2307AE00B35322 /* Debug */,
				FA4C45A91E2307AE00B35322 /* Release */,
			);
			defaultConfigurationIsVisible = 0;
			defaultConfigurationName = Release;
		};
/* End XCConfigurationList section */
	};
	rootObject = FA4C45961E2307AE00B35322 /* Project object */;
}
